
Microsoft Visual Studio Solution File, Format Version 12.00
# Visual Studio Version 17
VisualStudioVersion = 17.14.36414.22 d17.14
MinimumVisualStudioVersion = 10.0.40219.1
Project("{FAE04EC0-301F-11D3-BF4B-00C04F79EFBC}") = "bil positif, negatif, atau nol", "bil positif, negatif, atau nol\bil positif, negatif, atau nol.csproj", "{A23567BD-BB8E-4DE6-9EE3-6943FBA35486}"
EndProject
Global
	GlobalSection(SolutionConfigurationPlatforms) = preSolution
		Debug|Any CPU = Debug|Any CPU
		Release|Any CPU = Release|Any CPU
	EndGlobalSection
	GlobalSection(ProjectConfigurationPlatforms) = postSolution
		{A23567BD-BB8E-4DE6-9EE3-6943FBA35486}.Debug|Any CPU.ActiveCfg = Debug|Any CPU
		{A23567BD-BB8E-4DE6-9EE3-6943FBA35486}.Debug|Any CPU.Build.0 = Debug|Any CPU
		{A23567BD-BB8E-4DE6-9EE3-6943FBA35486}.Release|Any CPU.ActiveCfg = Release|Any CPU
		{A23567BD-BB8E-4DE6-9EE3-6943FBA35486}.Release|Any CPU.Build.0 = Release|Any CPU
	EndGlobalSection
	GlobalSection(SolutionProperties) = preSolution
		HideSolutionNode = FALSE
	EndGlobalSection
	GlobalSection(ExtensibilityGlobals) = postSolution
		SolutionGuid = {5F6F6A96-5E33-4357-BBDC-92B6EEEB9FEB}
	EndGlobalSection
EndGlobal
