
Microsoft Visual Studio Solution File, Format Version 12.00
# Visual Studio Version 17
VisualStudioVersion = 17.14.36414.22 d17.14
MinimumVisualStudioVersion = 10.0.40219.1
Project("{FAE04EC0-301F-11D3-BF4B-00C04F79EFBC}") = "Hello_World", "Hello_World\Hello_World.csproj", "{92B274DB-21C7-4DD5-8446-12A5319B64CC}"
EndProject
Global
	GlobalSection(SolutionConfigurationPlatforms) = preSolution
		Debug|Any CPU = Debug|Any CPU
		Release|Any CPU = Release|Any CPU
	EndGlobalSection
	GlobalSection(ProjectConfigurationPlatforms) = postSolution
		{92B274DB-21C7-4DD5-8446-12A5319B64CC}.Debug|Any CPU.ActiveCfg = Debug|Any CPU
		{92B274DB-21C7-4DD5-8446-12A5319B64CC}.Debug|Any CPU.Build.0 = Debug|Any CPU
		{92B274DB-21C7-4DD5-8446-12A5319B64CC}.Release|Any CPU.ActiveCfg = Release|Any CPU
		{92B274DB-21C7-4DD5-8446-12A5319B64CC}.Release|Any CPU.Build.0 = Release|Any CPU
	EndGlobalSection
	GlobalSection(SolutionProperties) = preSolution
		HideSolutionNode = FALSE
	EndGlobalSection
	GlobalSection(ExtensibilityGlobals) = postSolution
		SolutionGuid = {994A27DF-C622-4686-9601-0980F62B5B82}
	EndGlobalSection
EndGlobal
