
Microsoft Visual Studio Solution File, Format Version 12.00
# Visual Studio Version 17
VisualStudioVersion = 17.14.36414.22 d17.14
MinimumVisualStudioVersion = 10.0.40219.1
Project("{FAE04EC0-301F-11D3-BF4B-00C04F79EFBC}") = "mangga_dingin", "mangga_dingin\mangga_dingin.csproj", "{B2AEB3AA-2280-4C26-848C-5B702305BE7A}"
EndProject
Global
	GlobalSection(SolutionConfigurationPlatforms) = preSolution
		Debug|Any CPU = Debug|Any CPU
		Release|Any CPU = Release|Any CPU
	EndGlobalSection
	GlobalSection(ProjectConfigurationPlatforms) = postSolution
		{B2AEB3AA-2280-4C26-848C-5B702305BE7A}.Debug|Any CPU.ActiveCfg = Debug|Any CPU
		{B2AEB3AA-2280-4C26-848C-5B702305BE7A}.Debug|Any CPU.Build.0 = Debug|Any CPU
		{B2AEB3AA-2280-4C26-848C-5B702305BE7A}.Release|Any CPU.ActiveCfg = Release|Any CPU
		{B2AEB3AA-2280-4C26-848C-5B702305BE7A}.Release|Any CPU.Build.0 = Release|Any CPU
	EndGlobalSection
	GlobalSection(SolutionProperties) = preSolution
		HideSolutionNode = FALSE
	EndGlobalSection
	GlobalSection(ExtensibilityGlobals) = postSolution
		SolutionGuid = {1620A99E-2298-4053-B098-1E1227C900A8}
	EndGlobalSection
EndGlobal
